{
  "name": "triathlon-coach-bot",
  "version": "1.0.0",
  "lockfileVersion": 3,
  "requires": true,
  "packages": {
    "": {
      "name": "triathlon-coach-bot",
      "version": "1.0.0",
      "workspaces": [
        "apps/*",
        "packages/*"
      ],
      "dependencies": {
        "@prisma/client": "^5.8.0"
      },
      "devDependencies": {
        "@types/node": "^20.10.6",
        "prisma": "^5.8.0",
        "typescript": "^5.3.3"
      },
      "engines": {
        "node": ">=20.0.0",
        "npm": ">=10.0.0"
      }
    }
  }
}
